# THIS IS AN AUTOGENERATED FILE. DO NOT EDIT THIS FILE DIRECTLY.
# yarn lockfile v1


"@chevrotain/types@^9.0.1":
  version "9.0.1"
  resolved "https://registry.yarnpkg.com/@chevrotain/types/-/types-9.0.1.tgz#db8361d8e28c687f4dfbbae2523155b4b1d13321"
  integrity sha512-jyIgbvb0Vz3OhLdImiufolBxRNAPFhpZmWuNWQ9ffU+nsxLJ0a0yObRCkdT2MKGXolwLZow3r8zhVr/7f5yNSA==

"@chevrotain/utils@^9.0.0":
  version "9.0.0"
  resolved "https://registry.yarnpkg.com/@chevrotain/utils/-/utils-9.0.0.tgz#3b40e30a2007610af9b900125cb654d648f07ac7"
  integrity sha512-J0uI+VxqCMiTFmVD95dfZr1QxJcw1RMQc7X3umMAfEcG5f2uWrZeyX0h3hURvXgzUcK6vXH5r+SNv+4bPxWpdg==

"@types/lodash@^4.14.168":
  version "4.14.168"
  resolved "https://registry.yarnpkg.com/@types/lodash/-/lodash-4.14.168.tgz#fe24632e79b7ade3f132891afff86caa5e5ce008"
  integrity sha512-oVfRvqHV/V6D1yifJbVRU3TMp8OT6o6BG+U9MkwuJ3U8/CsDHvalRpsxBqivn71ztOFZBTfJMvETbqHiaNSj7Q==

chevrotain@^9.0.1:
  version "9.0.1"
  resolved "https://registry.yarnpkg.com/chevrotain/-/chevrotain-9.0.1.tgz#476ecfe4c8e48f525c4f22223abfe360839fbe2a"
  integrity sha512-7rFWS+G8yavnYK5AcqSL9mSXPRfz+atuwM4Hq5Ph/CNM7n7zl3woPXMGWS+cdxSD01nic4PozN12zaw1Fu8cug==
  dependencies:
    "@chevrotain/types" "^9.0.1"
    "@chevrotain/utils" "^9.0.0"
    regexp-to-ast "0.5.0"

lodash@^4.17.21:
  version "4.17.21"
  resolved "https://registry.yarnpkg.com/lodash/-/lodash-4.17.21.tgz#679591c564c3bffaae8454cf0b3df370c3d6911c"
  integrity sha512-v2kDEe57lecTulaDIuNTPy3Ry4gLGJ6Z1O3vE1krgXZNrsQ+LFTGHVxVjcXPs17LhbZVGedAJv8XZ1tvj5FvSg==

regexp-to-ast@0.5.0:
  version "0.5.0"
  resolved "https://registry.yarnpkg.com/regexp-to-ast/-/regexp-to-ast-0.5.0.tgz#56c73856bee5e1fef7f73a00f1473452ab712a24"
  integrity sha512-tlbJqcMHnPKI9zSrystikWKwHkBqu2a/Sgw01h3zFjvYrMxEDYHzzoMZnUrbIfpTFEsoRnnviOXNCzFiSc54Qw==
